
Microsoft Visual Studio Solution File, Format Version 12.00
# Visual Studio 2013
VisualStudioVersion = 12.0.30723.0
MinimumVisualStudioVersion = 10.0.40219.1
Project("{FAE04EC0-301F-11D3-BF4B-00C04F79EFBC}") = "OneNoteInker", "OneNoteInker\OneNoteInker.csproj", "{E8AF8379-5BE7-4109-8747-9037FEF03448}"
EndProject
Project("{FAE04EC0-301F-11D3-BF4B-00C04F79EFBC}") = "InkMLLibcs", "inkMLLib\InkMLLibcs.csproj", "{07FE9A9C-FFC4-4862-AB00-59EFC2DF0436}"
EndProject
Project("{FAE04EC0-301F-11D3-BF4B-00C04F79EFBC}") = "ISFInkMLConverter", "Converters\ISFInkMLConverter\ISFInkMLConverter.csproj", "{EC5D4B77-8B22-4D86-B862-136755AFEB27}"
EndProject
Global
	GlobalSection(SolutionConfigurationPlatforms) = preSolution
		Debug|Any CPU = Debug|Any CPU
		Release|Any CPU = Release|Any CPU
	EndGlobalSection
	GlobalSection(ProjectConfigurationPlatforms) = postSolution
		{E8AF8379-5BE7-4109-8747-9037FEF03448}.Debug|Any CPU.ActiveCfg = Debug|Any CPU
		{E8AF8379-5BE7-4109-8747-9037FEF03448}.Debug|Any CPU.Build.0 = Debug|Any CPU
		{E8AF8379-5BE7-4109-8747-9037FEF03448}.Release|Any CPU.ActiveCfg = Release|Any CPU
		{E8AF8379-5BE7-4109-8747-9037FEF03448}.Release|Any CPU.Build.0 = Release|Any CPU
		{07FE9A9C-FFC4-4862-AB00-59EFC2DF0436}.Debug|Any CPU.ActiveCfg = Debug|Any CPU
		{07FE9A9C-FFC4-4862-AB00-59EFC2DF0436}.Debug|Any CPU.Build.0 = Debug|Any CPU
		{07FE9A9C-FFC4-4862-AB00-59EFC2DF0436}.Release|Any CPU.ActiveCfg = Release|Any CPU
		{07FE9A9C-FFC4-4862-AB00-59EFC2DF0436}.Release|Any CPU.Build.0 = Release|Any CPU
		{EC5D4B77-8B22-4D86-B862-136755AFEB27}.Debug|Any CPU.ActiveCfg = Debug|Any CPU
		{EC5D4B77-8B22-4D86-B862-136755AFEB27}.Debug|Any CPU.Build.0 = Debug|Any CPU
		{EC5D4B77-8B22-4D86-B862-136755AFEB27}.Release|Any CPU.ActiveCfg = Release|Any CPU
		{EC5D4B77-8B22-4D86-B862-136755AFEB27}.Release|Any CPU.Build.0 = Release|Any CPU
	EndGlobalSection
	GlobalSection(SolutionProperties) = preSolution
		HideSolutionNode = FALSE
	EndGlobalSection
EndGlobal
